version = 1
revision = 2
requires-python = ">=3.11"

[[package]]
name = "exe-coder"
version = "0.1.0"
source = { virtual = "." }

[package.dev-dependencies]
train = [
    { name = "mlx" },
]

[package.metadata]

[package.metadata.requires-dev]
train = [{ name = "mlx" }]

[[package]]
name = "mlx"
version = "0.30.6"
source = { registry = "https://pypi.org/simple" }
dependencies = [
    { name = "mlx-metal", marker = "sys_platform == 'darwin'" },
]
wheels = [
    { url = "https://files.pythonhosted.org/packages/93/81/21d745beeda53ee29e9c027d806f1e1cac983e8ddb3d6b18d44a1b30a11b/mlx-0.30.6-cp311-cp311-macosx_14_0_arm64.whl", hash = "sha256:e721d29c4250ada3cba7a5ad43d358b42401600e792c378ed6b52c9d692aaba8", size = 573359, upload-time = "2026-02-06T03:45:08.41Z" },
    { url = "https://files.pythonhosted.org/packages/05/08/826286458df5ea91efc380d71fd8058ee7338207c6b547204f2758e168d8/mlx-0.30.6-cp311-cp311-macosx_15_0_arm64.whl", hash = "sha256:23f55c1c160a38ab350f4f7ce3ab10c490df39800ad35c4821c3ef5fa89ec24e", size = 573359, upload-time = "2026-02-06T03:45:09.688Z" },
    { url = "https://files.pythonhosted.org/packages/56/aa/3fc9ac795934182e680a0cbeb99202838e4548139cfd580015dcfbfb7ee8/mlx-0.30.6-cp311-cp311-macosx_26_0_arm64.whl", hash = "sha256:37c37571f8c1567c2b7e4871237b92a2b321fb8157d6426373be946c03e49ebd", size = 573406, upload-time = "2026-02-06T03:45:11.383Z" },
    { url = "https://files.pythonhosted.org/packages/af/d1/b8bcc332e3c268bf59632d7a8f1b5c8e6a4b154d651aa20b93e359e3c004/mlx-0.30.6-cp311-cp311-manylinux_2_35_aarch64.whl", hash = "sha256:253317a2bab3a1927d7cb89267690d82525acb5810f30d696ff9b705e7f8a78a", size = 636997, upload-time = "2026-02-06T03:45:12.619Z" },
    { url = "https://files.pythonhosted.org/packages/89/fa/bdc4b8aa6d078e724decb754b0f04ac1a25e46c190e52639906401c3b8b8/mlx-0.30.6-cp311-cp311-manylinux_2_35_x86_64.whl", hash = "sha256:4e2058ac219d99d38baa90f810947c6bfa09a28511dfe660629012a7c470c35d", size = 669638, upload-time = "2026-02-06T03:45:14.103Z" },
    { url = "https://files.pythonhosted.org/packages/85/fe/85acff870a9949494fd505b22c34d63eb127442f5f8751a159d3a78f7ef6/mlx-0.30.6-cp312-cp312-macosx_14_0_arm64.whl", hash = "sha256:47d20016cb5733d06c1d017412a31983dbe3237cf70942760430188922ffc1ba", size = 573484, upload-time = "2026-02-06T03:45:15.88Z" },
    { url = "https://files.pythonhosted.org/packages/e1/14/5546082ee37118b33afb6300d8e07d03efea2dbba838d514d9465f87489b/mlx-0.30.6-cp312-cp312-macosx_15_0_arm64.whl", hash = "sha256:6b8c133df2d6a2ed173d2b7bb50d7032a13be84e1792b7d79171ad8f50a8c0ea", size = 573486, upload-time = "2026-02-06T03:45:17.506Z" },
    { url = "https://files.pythonhosted.org/packages/ef/b5/ae04666a7b8bda74e2c6903756710103e283ea6fa4edd2c92449ad4547d6/mlx-0.30.6-cp312-cp312-macosx_26_0_arm64.whl", hash = "sha256:31eabb5d1da4ac7b16f2042fdb046b993cdf0f32bc3312e0af469232bb67720b", size = 573509, upload-time = "2026-02-06T03:45:18.68Z" },
    { url = "https://files.pythonhosted.org/packages/9f/8e/fdee70051e2c7f523f9b22575f05bdb1b47300aba1ecda15bda98a9b01c1/mlx-0.30.6-cp312-cp312-manylinux_2_35_aarch64.whl", hash = "sha256:070010932d424005e6c9c76b379ccdf4d96b385658fdb34dc780fa4eb24cb1a0", size = 622061, upload-time = "2026-02-06T03:45:19.984Z" },
    { url = "https://files.pythonhosted.org/packages/65/dd/fe29f1e19e5268a8f892c83be35f14e63f1aea3baf7e7e44e246d4fea184/mlx-0.30.6-cp312-cp312-manylinux_2_35_x86_64.whl", hash = "sha256:9084c8f20544ec6a53aa3edcd2da85d205e07ff80bd47151633219bd5cfcd23c", size = 663715, upload-time = "2026-02-06T03:45:21.873Z" },
    { url = "https://files.pythonhosted.org/packages/ae/5b/e460e144a34d5529e010056cccf50b538d56ed001473bc6b246018fd58cb/mlx-0.30.6-cp313-cp313-macosx_14_0_arm64.whl", hash = "sha256:ed86f8bffc174c2f259ca589ea25464c96cf69d1bb457074a2bf2ef53737e54f", size = 573515, upload-time = "2026-02-06T03:45:23.405Z" },
    { url = "https://files.pythonhosted.org/packages/60/25/69833fefb9a3fef30b56792b1bcd022496c4fea83e45411d289b77ef7546/mlx-0.30.6-cp313-cp313-macosx_15_0_arm64.whl", hash = "sha256:c52294958269e20f300639a17c1900ca8fc737d859ddda737f9811e94bd040e5", size = 573516, upload-time = "2026-02-06T03:45:24.618Z" },
    { url = "https://files.pythonhosted.org/packages/9c/6a/7e7fbeebc5cb51b6a5eba96b263a6298707bcbdc059f4b0b73e088bc3dea/mlx-0.30.6-cp313-cp313-macosx_26_0_arm64.whl", hash = "sha256:b5b6636f7c49a4d86d8ec82643b972f45a144a7a9f3a967b27b2e6e22cf71e6a", size = 573592, upload-time = "2026-02-06T03:45:25.928Z" },
    { url = "https://files.pythonhosted.org/packages/93/06/280f6f2ba80520a7109730425eda0d966658793aa0d02d8be8d351f75253/mlx-0.30.6-cp313-cp313-manylinux_2_35_aarch64.whl", hash = "sha256:67e6c9e30a9faeacc209917ef5523177cf9b086914b6b5d83ff886e4294b727d", size = 622011, upload-time = "2026-02-06T03:45:28.165Z" },
    { url = "https://files.pythonhosted.org/packages/fe/35/f872afbee9c079cc69924d9e9c46f5663adb7da58cba3511db082dd307c1/mlx-0.30.6-cp313-cp313-manylinux_2_35_x86_64.whl", hash = "sha256:47db8b16fcb6f6c5a47c0bdb24ed377b41237017ac93aa6cb6aa206c9bdf82e4", size = 663650, upload-time = "2026-02-06T03:45:30.315Z" },
    { url = "https://files.pythonhosted.org/packages/60/23/361dc7a5797634e4d7e9bdd6564c6b28f9b1246672632def2f91bf066b18/mlx-0.30.6-cp314-cp314-macosx_14_0_arm64.whl", hash = "sha256:78804a89dcff4a838f7c2da72392fe87a523e95122a3c840e53df019122aad45", size = 575028, upload-time = "2026-02-06T03:45:31.549Z" },
    { url = "https://files.pythonhosted.org/packages/a8/69/1854484d414171586814dfbe8def95f75c4ea2c7341ba13ba8ee675f7c62/mlx-0.30.6-cp314-cp314-macosx_15_0_arm64.whl", hash = "sha256:ec13584ab069665cc7ad34a05494d9291cd623aef6ae96be48875fc87cfc25d6", size = 575026, upload-time = "2026-02-06T03:45:33.072Z" },
    { url = "https://files.pythonhosted.org/packages/6b/b8/3adbc441924209a7e4c568308b2a0b54bd09aee6a68db5bae85304791e54/mlx-0.30.6-cp314-cp314-macosx_26_0_arm64.whl", hash = "sha256:b2c5e8a090a753ef99a1380a4d059c983083f36198864f6df9faaf1223d083df", size = 575041, upload-time = "2026-02-06T03:45:34.814Z" },
    { url = "https://files.pythonhosted.org/packages/3f/54/9d9e06804fb2088202a2cdf60458e00b221f71420bea285720b60f9e82b5/mlx-0.30.6-cp314-cp314-manylinux_2_35_aarch64.whl", hash = "sha256:9ceddede4af0de31d1f6b3099f70e5469d60cd7c546975dedbdbeab3519cab3f", size = 624002, upload-time = "2026-02-06T03:45:36Z" },
    { url = "https://files.pythonhosted.org/packages/42/92/3140a15a50cb1f9267a6552171e1dfa577861de53e093124bc43707f2a0e/mlx-0.30.6-cp314-cp314-manylinux_2_35_x86_64.whl", hash = "sha256:4a6ffd2d16728cf95f63a1b555d7c2eaeea686a0e6b73228bd265411cb5d77a4", size = 663569, upload-time = "2026-02-06T03:45:37.242Z" },
]

[[package]]
name = "mlx-metal"
version = "0.30.6"
source = { registry = "https://pypi.org/simple" }
wheels = [
    { url = "https://files.pythonhosted.org/packages/f3/85/44406b521f920248fad621334d4dc15e77660a494edf890e7cbee33bf38d/mlx_metal-0.30.6-py3-none-macosx_14_0_arm64.whl", hash = "sha256:ea6d0c973def9a5b4f652cc77036237db3f88c9d0af63701d76b5fddde99b820", size = 38437818, upload-time = "2026-02-06T03:44:56.19Z" },
    { url = "https://files.pythonhosted.org/packages/d0/cb/10a516995f7d0c154b0d7e633c54b51e96977a86a355105b6474cfcbe0d0/mlx_metal-0.30.6-py3-none-macosx_15_0_arm64.whl", hash = "sha256:0f8cb94634d07e06a372d6ad9a090f38a18bab1ff19a140aede60eacf707bb94", size = 38433701, upload-time = "2026-02-06T03:44:59.678Z" },
    { url = "https://files.pythonhosted.org/packages/4c/7d/70cb272f7373c334709f210ed8420511fc9d64d05a7a646c0b3b94c29c04/mlx_metal-0.30.6-py3-none-macosx_26_0_arm64.whl", hash = "sha256:d761ae26304f2c4b454eeea7f612a56919d9e5e57dbb1dc0788f8e34aa6f41c2", size = 47718448, upload-time = "2026-02-06T03:45:03.133Z" },
]
